
Microsoft Visual Studio Solution File, Format Version 12.00
# Visual Studio Version 17
VisualStudioVersion = 17.5.002.0
MinimumVisualStudioVersion = 10.0.40219.1
Project("{9A19103F-16F7-4668-BE54-9A1E7A4F7556}") = "Alex_Engineering_Project_Management_Program", "Alex_Engineering_Project_Management_Program.csproj", "{F30053E8-CD96-4814-AFF5-0EB68B9212FE}"
EndProject
Global
	GlobalSection(SolutionConfigurationPlatforms) = preSolution
		Debug|Any CPU = Debug|Any CPU
		Release|Any CPU = Release|Any CPU
	EndGlobalSection
	GlobalSection(ProjectConfigurationPlatforms) = postSolution
		{F30053E8-CD96-4814-AFF5-0EB68B9212FE}.Debug|Any CPU.ActiveCfg = Debug|Any CPU
		{F30053E8-CD96-4814-AFF5-0EB68B9212FE}.Debug|Any CPU.Build.0 = Debug|Any CPU
		{F30053E8-CD96-4814-AFF5-0EB68B9212FE}.Release|Any CPU.ActiveCfg = Release|Any CPU
		{F30053E8-CD96-4814-AFF5-0EB68B9212FE}.Release|Any CPU.Build.0 = Release|Any CPU
	EndGlobalSection
	GlobalSection(SolutionProperties) = preSolution
		HideSolutionNode = FALSE
	EndGlobalSection
	GlobalSection(ExtensibilityGlobals) = postSolution
		SolutionGuid = {5EFA19E5-E163-4797-BBA4-38D4CA5F65C7}
	EndGlobalSection
EndGlobal
